github.com/iddqdeika/pim v1.0.6 h1:XToUC65Uj9g1E/QWrhyH3phckQtJUNIe0ds2+Tbh2gk=
github.com/iddqdeika/pim v1.0.6/go.mod h1:Jj9Uhkky/cHOojeCNv+kmmVcQZ/od3FN2eGWwe3pypo=
github.com/iddqdeika/rrr v0.0.0-20200907142520-f047672fce76 h1:9A1Wn1zAszfgZHqc3XRie6kqgynvfur4BrXad1FGHDg=
github.com/iddqdeika/rrr v0.0.0-20200907142520-f047672fce76/go.mod h1:66u3ZFo20AdNMZ/0BPMTmVPz+ZCQP45Kpk2EaC7xTvE=
